// !$*UTF8*$!
{
	archiveVersion = 1;
	classes = {
	};
	objectVersion = 56;
	objects = {

/* Begin PBXBuildFile section */
		CE1AA8B52C08391F00E137F9 /* AddDoctorView.swift in Sources */ = {isa = PBXBuildFile; fileRef = CE1AA8B42C08391F00E137F9 /* AddDoctorView.swift */; };
		CE1AA8B72C0854CE00E137F9 /* HospitalDoctorsListView.swift in Sources */ = {isa = PBXBuildFile; fileRef = CE1AA8B62C0854CE00E137F9 /* HospitalDoctorsListView.swift */; };
		CE1AA8B92C0876B900E137F9 /* PatientDoctorProfileView.swift in Sources */ = {isa = PBXBuildFile; fileRef = CE1AA8B82C0876B900E137F9 /* PatientDoctorProfileView.swift */; };
		CE1AA8BB2C0897DD00E137F9 /* PatientBookAppointmentView.swift in Sources */ = {isa = PBXBuildFile; fileRef = CE1AA8BA2C0897DD00E137F9 /* PatientBookAppointmentView.swift */; };
		CE1AA8BE2C089EF800E137F9 /* DoctorsAppointmentView.swift in Sources */ = {isa = PBXBuildFile; fileRef = CE1AA8BD2C089EF800E137F9 /* DoctorsAppointmentView.swift */; };
		CE1AA8C02C08A0FA00E137F9 /* DoctorEditWorkingInfoView.swift in Sources */ = {isa = PBXBuildFile; fileRef = CE1AA8BF2C08A0FA00E137F9 /* DoctorEditWorkingInfoView.swift */; };
		CE630B902C09813A00B05403 /* PatientAppointmentBookingConfirmationView.swift in Sources */ = {isa = PBXBuildFile; fileRef = CE630B8F2C09813A00B05403 /* PatientAppointmentBookingConfirmationView.swift */; };
		CE630B922C09947600B05403 /* PatientAppointmentView.swift in Sources */ = {isa = PBXBuildFile; fileRef = CE630B912C09947600B05403 /* PatientAppointmentView.swift */; };
		CE630B992C099D6400B05403 /* PatientCardView.swift in Sources */ = {isa = PBXBuildFile; fileRef = CE630B982C099D6400B05403 /* PatientCardView.swift */; };
		CE630B9B2C099D8200B05403 /* Patient.swift in Sources */ = {isa = PBXBuildFile; fileRef = CE630B9A2C099D8200B05403 /* Patient.swift */; };
		CE630B9D2C099F4D00B05403 /* Appointment.swift in Sources */ = {isa = PBXBuildFile; fileRef = CE630B9C2C099F4D00B05403 /* Appointment.swift */; };
		CE630B9F2C09D49900B05403 /* DoctorAppointmentCompleteView.swift in Sources */ = {isa = PBXBuildFile; fileRef = CE630B9E2C09D49900B05403 /* DoctorAppointmentCompleteView.swift */; };
		CE630BA12C09E6FD00B05403 /* DoctorPatientInfoView.swift in Sources */ = {isa = PBXBuildFile; fileRef = CE630BA02C09E6FD00B05403 /* DoctorPatientInfoView.swift */; };
		CE630BA32C09F6BB00B05403 /* MedicalTest.swift in Sources */ = {isa = PBXBuildFile; fileRef = CE630BA22C09F6BB00B05403 /* MedicalTest.swift */; };
		CE630BA52C0A103500B05403 /* TestInCategoryView.swift in Sources */ = {isa = PBXBuildFile; fileRef = CE630BA42C0A103500B05403 /* TestInCategoryView.swift */; };
		CE6435752BFF18980014A536 /* StarlightApp.swift in Sources */ = {isa = PBXBuildFile; fileRef = CE6435742BFF18980014A536 /* StarlightApp.swift */; };
		CE6435772BFF18980014A536 /* ContentView.swift in Sources */ = {isa = PBXBuildFile; fileRef = CE6435762BFF18980014A536 /* ContentView.swift */; };
		CE6435792BFF189A0014A536 /* Assets.xcassets in Resources */ = {isa = PBXBuildFile; fileRef = CE6435782BFF189A0014A536 /* Assets.xcassets */; };
		CE64357C2BFF189A0014A536 /* Preview Assets.xcassets in Resources */ = {isa = PBXBuildFile; fileRef = CE64357B2BFF189A0014A536 /* Preview Assets.xcassets */; };
		CE6435862BFF1B0D0014A536 /* MainPatientView.swift in Sources */ = {isa = PBXBuildFile; fileRef = CE6435852BFF1B0D0014A536 /* MainPatientView.swift */; };
		CE6435882BFF1B1A0014A536 /* MainDoctorView.swift in Sources */ = {isa = PBXBuildFile; fileRef = CE6435872BFF1B1A0014A536 /* MainDoctorView.swift */; };
		CE64358A2BFF1B1F0014A536 /* MainHospitalView.swift in Sources */ = {isa = PBXBuildFile; fileRef = CE6435892BFF1B1F0014A536 /* MainHospitalView.swift */; };
		CE64358C2BFF389A0014A536 /* PatientHomeView.swift in Sources */ = {isa = PBXBuildFile; fileRef = CE64358B2BFF389A0014A536 /* PatientHomeView.swift */; };
		CE64358E2BFF38CE0014A536 /* PatientsDoctorsView.swift in Sources */ = {isa = PBXBuildFile; fileRef = CE64358D2BFF38CE0014A536 /* PatientsDoctorsView.swift */; };
		CE6435902BFF38E40014A536 /* TestsView.swift in Sources */ = {isa = PBXBuildFile; fileRef = CE64358F2BFF38E40014A536 /* TestsView.swift */; };
		CE6435942BFF390C0014A536 /* PatientProfileView.swift in Sources */ = {isa = PBXBuildFile; fileRef = CE6435932BFF390C0014A536 /* PatientProfileView.swift */; };
		CE64359E2BFF3C480014A536 /* DoctorProfileView.swift in Sources */ = {isa = PBXBuildFile; fileRef = CE64359D2BFF3C480014A536 /* DoctorProfileView.swift */; };
		CE6435A02BFF3C640014A536 /* DoctorPatientsView.swift in Sources */ = {isa = PBXBuildFile; fileRef = CE64359F2BFF3C640014A536 /* DoctorPatientsView.swift */; };
		CE6435A22BFF3C780014A536 /* DoctorsHomeView.swift in Sources */ = {isa = PBXBuildFile; fileRef = CE6435A12BFF3C780014A536 /* DoctorsHomeView.swift */; };
		CE6435A92BFF3EC60014A536 /* HospitalDoctorsView.swift in Sources */ = {isa = PBXBuildFile; fileRef = CE6435A82BFF3EC60014A536 /* HospitalDoctorsView.swift */; };
		CE6435AB2BFF3ED70014A536 /* HospitalHomeView.swift in Sources */ = {isa = PBXBuildFile; fileRef = CE6435AA2BFF3ED70014A536 /* HospitalHomeView.swift */; };
		CE6435B12BFF400E0014A536 /* HospitalPaymentsView.swift in Sources */ = {isa = PBXBuildFile; fileRef = CE6435B02BFF400E0014A536 /* HospitalPaymentsView.swift */; };
		CE6435B32BFF402D0014A536 /* HospitalPatientsView.swift in Sources */ = {isa = PBXBuildFile; fileRef = CE6435B22BFF402D0014A536 /* HospitalPatientsView.swift */; };
/* End PBXBuildFile section */

/* Begin PBXFileReference section */
		CE1AA8B42C08391F00E137F9 /* AddDoctorView.swift */ = {isa = PBXFileReference; lastKnownFileType = sourcecode.swift; path = AddDoctorView.swift; sourceTree = "<group>"; };
		CE1AA8B62C0854CE00E137F9 /* HospitalDoctorsListView.swift */ = {isa = PBXFileReference; lastKnownFileType = sourcecode.swift; path = HospitalDoctorsListView.swift; sourceTree = "<group>"; };
		CE1AA8B82C0876B900E137F9 /* PatientDoctorProfileView.swift */ = {isa = PBXFileReference; lastKnownFileType = sourcecode.swift; path = PatientDoctorProfileView.swift; sourceTree = "<group>"; };
		CE1AA8BA2C0897DD00E137F9 /* PatientBookAppointmentView.swift */ = {isa = PBXFileReference; lastKnownFileType = sourcecode.swift; path = PatientBookAppointmentView.swift; sourceTree = "<group>"; };
		CE1AA8BD2C089EF800E137F9 /* DoctorsAppointmentView.swift */ = {isa = PBXFileReference; lastKnownFileType = sourcecode.swift; path = DoctorsAppointmentView.swift; sourceTree = "<group>"; };
		CE1AA8BF2C08A0FA00E137F9 /* DoctorEditWorkingInfoView.swift */ = {isa = PBXFileReference; lastKnownFileType = sourcecode.swift; path = DoctorEditWorkingInfoView.swift; sourceTree = "<group>"; };
		CE630B8D2C08BD9200B05403 /* Starlight.entitlements */ = {isa = PBXFileReference; lastKnownFileType = text.plist.entitlements; path = Starlight.entitlements; sourceTree = "<group>"; };
		CE630B8F2C09813A00B05403 /* PatientAppointmentBookingConfirmationView.swift */ = {isa = PBXFileReference; lastKnownFileType = sourcecode.swift; path = PatientAppointmentBookingConfirmationView.swift; sourceTree = "<group>"; };
		CE630B912C09947600B05403 /* PatientAppointmentView.swift */ = {isa = PBXFileReference; lastKnownFileType = sourcecode.swift; path = PatientAppointmentView.swift; sourceTree = "<group>"; };
		CE630B982C099D6400B05403 /* PatientCardView.swift */ = {isa = PBXFileReference; lastKnownFileType = sourcecode.swift; path = PatientCardView.swift; sourceTree = "<group>"; };
		CE630B9A2C099D8200B05403 /* Patient.swift */ = {isa = PBXFileReference; lastKnownFileType = sourcecode.swift; path = Patient.swift; sourceTree = "<group>"; };
		CE630B9C2C099F4D00B05403 /* Appointment.swift */ = {isa = PBXFileReference; lastKnownFileType = sourcecode.swift; path = Appointment.swift; sourceTree = "<group>"; };
		CE630B9E2C09D49900B05403 /* DoctorAppointmentCompleteView.swift */ = {isa = PBXFileReference; lastKnownFileType = sourcecode.swift; path = DoctorAppointmentCompleteView.swift; sourceTree = "<group>"; };
		CE630BA02C09E6FD00B05403 /* DoctorPatientInfoView.swift */ = {isa = PBXFileReference; lastKnownFileType = sourcecode.swift; path = DoctorPatientInfoView.swift; sourceTree = "<group>"; };
		CE630BA22C09F6BB00B05403 /* MedicalTest.swift */ = {isa = PBXFileReference; lastKnownFileType = sourcecode.swift; path = MedicalTest.swift; sourceTree = "<group>"; };
		CE630BA42C0A103500B05403 /* TestInCategoryView.swift */ = {isa = PBXFileReference; lastKnownFileType = sourcecode.swift; path = TestInCategoryView.swift; sourceTree = "<group>"; };
		CE6435712BFF18980014A536 /* Starlight.app */ = {isa = PBXFileReference; explicitFileType = wrapper.application; includeInIndex = 0; path = Starlight.app; sourceTree = BUILT_PRODUCTS_DIR; };
		CE6435742BFF18980014A536 /* StarlightApp.swift */ = {isa = PBXFileReference; lastKnownFileType = sourcecode.swift; path = StarlightApp.swift; sourceTree = "<group>"; };
		CE6435762BFF18980014A536 /* ContentView.swift */ = {isa = PBXFileReference; lastKnownFileType = sourcecode.swift; path = ContentView.swift; sourceTree = "<group>"; };
		CE6435782BFF189A0014A536 /* Assets.xcassets */ = {isa = PBXFileReference; lastKnownFileType = folder.assetcatalog; path = Assets.xcassets; sourceTree = "<group>"; };
		CE64357B2BFF189A0014A536 /* Preview Assets.xcassets */ = {isa = PBXFileReference; lastKnownFileType = folder.assetcatalog; path = "Preview Assets.xcassets"; sourceTree = "<group>"; };
		CE6435852BFF1B0D0014A536 /* MainPatientView.swift */ = {isa = PBXFileReference; lastKnownFileType = sourcecode.swift; path = MainPatientView.swift; sourceTree = "<group>"; };
		CE6435872BFF1B1A0014A536 /* MainDoctorView.swift */ = {isa = PBXFileReference; lastKnownFileType = sourcecode.swift; path = MainDoctorView.swift; sourceTree = "<group>"; };
		CE6435892BFF1B1F0014A536 /* MainHospitalView.swift */ = {isa = PBXFileReference; lastKnownFileType = sourcecode.swift; path = MainHospitalView.swift; sourceTree = "<group>"; };
		CE64358B2BFF389A0014A536 /* PatientHomeView.swift */ = {isa = PBXFileReference; lastKnownFileType = sourcecode.swift; path = PatientHomeView.swift; sourceTree = "<group>"; };
		CE64358D2BFF38CE0014A536 /* PatientsDoctorsView.swift */ = {isa = PBXFileReference; lastKnownFileType = sourcecode.swift; path = PatientsDoctorsView.swift; sourceTree = "<group>"; };
		CE64358F2BFF38E40014A536 /* TestsView.swift */ = {isa = PBXFileReference; lastKnownFileType = sourcecode.swift; path = TestsView.swift; sourceTree = "<group>"; };
		CE6435932BFF390C0014A536 /* PatientProfileView.swift */ = {isa = PBXFileReference; lastKnownFileType = sourcecode.swift; path = PatientProfileView.swift; sourceTree = "<group>"; };
		CE64359D2BFF3C480014A536 /* DoctorProfileView.swift */ = {isa = PBXFileReference; lastKnownFileType = sourcecode.swift; path = DoctorProfileView.swift; sourceTree = "<group>"; };
		CE64359F2BFF3C640014A536 /* DoctorPatientsView.swift */ = {isa = PBXFileReference; lastKnownFileType = sourcecode.swift; path = DoctorPatientsView.swift; sourceTree = "<group>"; };
		CE6435A12BFF3C780014A536 /* DoctorsHomeView.swift */ = {isa = PBXFileReference; lastKnownFileType = sourcecode.swift; path = DoctorsHomeView.swift; sourceTree = "<group>"; };
		CE6435A82BFF3EC60014A536 /* HospitalDoctorsView.swift */ = {isa = PBXFileReference; lastKnownFileType = sourcecode.swift; path = HospitalDoctorsView.swift; sourceTree = "<group>"; };
		CE6435AA2BFF3ED70014A536 /* HospitalHomeView.swift */ = {isa = PBXFileReference; lastKnownFileType = sourcecode.swift; path = HospitalHomeView.swift; sourceTree = "<group>"; };
		CE6435B02BFF400E0014A536 /* HospitalPaymentsView.swift */ = {isa = PBXFileReference; lastKnownFileType = sourcecode.swift; path = HospitalPaymentsView.swift; sourceTree = "<group>"; };
		CE6435B22BFF402D0014A536 /* HospitalPatientsView.swift */ = {isa = PBXFileReference; lastKnownFileType = sourcecode.swift; path = HospitalPatientsView.swift; sourceTree = "<group>"; };
/* End PBXFileReference section */

/* Begin PBXFrameworksBuildPhase section */
		CE64356E2BFF18980014A536 /* Frameworks */ = {
			isa = PBXFrameworksBuildPhase;
			buildActionMask = 2147483647;
			files = (
			);
			runOnlyForDeploymentPostprocessing = 0;
		};
/* End PBXFrameworksBuildPhase section */

/* Begin PBXGroup section */
		CE1AA8BC2C089EB700E137F9 /* Appointment */ = {
			isa = PBXGroup;
			children = (
				CE1AA8BD2C089EF800E137F9 /* DoctorsAppointmentView.swift */,
				CE630B9E2C09D49900B05403 /* DoctorAppointmentCompleteView.swift */,
			);
			path = Appointment;
			sourceTree = "<group>";
		};
		CE630B942C09956000B05403 /* Model */ = {
			isa = PBXGroup;
			children = (
				CE630B9A2C099D8200B05403 /* Patient.swift */,
				CE630B9C2C099F4D00B05403 /* Appointment.swift */,
				CE630BA22C09F6BB00B05403 /* MedicalTest.swift */,
			);
			path = Model;
			sourceTree = "<group>";
		};
		CE630B972C099D5500B05403 /* Resources */ = {
			isa = PBXGroup;
			children = (
				CE630B982C099D6400B05403 /* PatientCardView.swift */,
			);
			path = Resources;
			sourceTree = "<group>";
		};
		CE6435682BFF18980014A536 = {
			isa = PBXGroup;
			children = (
				CE6435732BFF18980014A536 /* Starlight */,
				CE6435722BFF18980014A536 /* Products */,
			);
			sourceTree = "<group>";
		};
		CE6435722BFF18980014A536 /* Products */ = {
			isa = PBXGroup;
			children = (
				CE6435712BFF18980014A536 /* Starlight.app */,
			);
			name = Products;
			sourceTree = "<group>";
		};
		CE6435732BFF18980014A536 /* Starlight */ = {
			isa = PBXGroup;
			children = (
				CE6435982BFF3BD70014A536 /* Tests */,
				CE630B972C099D5500B05403 /* Resources */,
				CE630B942C09956000B05403 /* Model */,
				CE630B8D2C08BD9200B05403 /* Starlight.entitlements */,
				CE6435842BFF1A480014A536 /* Patient */,
				CE6435832BFF1A3F0014A536 /* Doctor */,
				CE6435822BFF1A280014A536 /* Hospital */,
				CE6435742BFF18980014A536 /* StarlightApp.swift */,
				CE6435762BFF18980014A536 /* ContentView.swift */,
				CE6435782BFF189A0014A536 /* Assets.xcassets */,
				CE64357A2BFF189A0014A536 /* Preview Content */,
			);
			path = Starlight;
			sourceTree = "<group>";
		};
		CE64357A2BFF189A0014A536 /* Preview Content */ = {
			isa = PBXGroup;
			children = (
				CE64357B2BFF189A0014A536 /* Preview Assets.xcassets */,
			);
			path = "Preview Content";
			sourceTree = "<group>";
		};
		CE6435822BFF1A280014A536 /* Hospital */ = {
			isa = PBXGroup;
			children = (
				CE6435AD2BFF3FB30014A536 /* Payments */,
				CE6435AC2BFF3FAA0014A536 /* Patients */,
				CE6435A42BFF3E770014A536 /* Doctors */,
				CE6435A32BFF3E630014A536 /* Home */,
				CE6435892BFF1B1F0014A536 /* MainHospitalView.swift */,
			);
			path = Hospital;
			sourceTree = "<group>";
		};
		CE6435832BFF1A3F0014A536 /* Doctor */ = {
			isa = PBXGroup;
			children = (
				CE1AA8BC2C089EB700E137F9 /* Appointment */,
				CE64359C2BFF3C2D0014A536 /* Profile */,
				CE64359B2BFF3C1E0014A536 /* Patients */,
				CE64359A2BFF3C140014A536 /* Home */,
				CE6435872BFF1B1A0014A536 /* MainDoctorView.swift */,
			);
			path = Doctor;
			sourceTree = "<group>";
		};
		CE6435842BFF1A480014A536 /* Patient */ = {
			isa = PBXGroup;
			children = (
				CE6435992BFF3BE10014A536 /* Profile */,
				CE6435972BFF3BC70014A536 /* Appointments */,
				CE6435962BFF3BB30014A536 /* Doctors */,
				CE6435952BFF3BA80014A536 /* Home */,
				CE6435852BFF1B0D0014A536 /* MainPatientView.swift */,
			);
			path = Patient;
			sourceTree = "<group>";
		};
		CE6435952BFF3BA80014A536 /* Home */ = {
			isa = PBXGroup;
			children = (
				CE64358B2BFF389A0014A536 /* PatientHomeView.swift */,
			);
			path = Home;
			sourceTree = "<group>";
		};
		CE6435962BFF3BB30014A536 /* Doctors */ = {
			isa = PBXGroup;
			children = (
				CE64358D2BFF38CE0014A536 /* PatientsDoctorsView.swift */,
				CE1AA8B82C0876B900E137F9 /* PatientDoctorProfileView.swift */,
				CE1AA8BA2C0897DD00E137F9 /* PatientBookAppointmentView.swift */,
				CE630B8F2C09813A00B05403 /* PatientAppointmentBookingConfirmationView.swift */,
			);
			path = Doctors;
			sourceTree = "<group>";
		};
		CE6435972BFF3BC70014A536 /* Appointments */ = {
			isa = PBXGroup;
			children = (
				CE630B912C09947600B05403 /* PatientAppointmentView.swift */,
			);
			path = Appointments;
			sourceTree = "<group>";
		};
		CE6435982BFF3BD70014A536 /* Tests */ = {
			isa = PBXGroup;
			children = (
				CE64358F2BFF38E40014A536 /* TestsView.swift */,
				CE630BA42C0A103500B05403 /* TestInCategoryView.swift */,
			);
			path = Tests;
			sourceTree = "<group>";
		};
		CE6435992BFF3BE10014A536 /* Profile */ = {
			isa = PBXGroup;
			children = (
				CE6435932BFF390C0014A536 /* PatientProfileView.swift */,
			);
			path = Profile;
			sourceTree = "<group>";
		};
		CE64359A2BFF3C140014A536 /* Home */ = {
			isa = PBXGroup;
			children = (
				CE6435A12BFF3C780014A536 /* DoctorsHomeView.swift */,
				CE1AA8BF2C08A0FA00E137F9 /* DoctorEditWorkingInfoView.swift */,
			);
			path = Home;
			sourceTree = "<group>";
		};
		CE64359B2BFF3C1E0014A536 /* Patients */ = {
			isa = PBXGroup;
			children = (
				CE630BA02C09E6FD00B05403 /* DoctorPatientInfoView.swift */,
				CE64359F2BFF3C640014A536 /* DoctorPatientsView.swift */,
			);
			path = Patients;
			sourceTree = "<group>";
		};
		CE64359C2BFF3C2D0014A536 /* Profile */ = {
			isa = PBXGroup;
			children = (
				CE64359D2BFF3C480014A536 /* DoctorProfileView.swift */,
			);
			path = Profile;
			sourceTree = "<group>";
		};
		CE6435A32BFF3E630014A536 /* Home */ = {
			isa = PBXGroup;
			children = (
				CE6435AA2BFF3ED70014A536 /* HospitalHomeView.swift */,
			);
			path = Home;
			sourceTree = "<group>";
		};
		CE6435A42BFF3E770014A536 /* Doctors */ = {
			isa = PBXGroup;
			children = (
				CE6435A82BFF3EC60014A536 /* HospitalDoctorsView.swift */,
				CE1AA8B42C08391F00E137F9 /* AddDoctorView.swift */,
				CE1AA8B62C0854CE00E137F9 /* HospitalDoctorsListView.swift */,
			);
			path = Doctors;
			sourceTree = "<group>";
		};
		CE6435AC2BFF3FAA0014A536 /* Patients */ = {
			isa = PBXGroup;
			children = (
				CE6435B22BFF402D0014A536 /* HospitalPatientsView.swift */,
			);
			path = Patients;
			sourceTree = "<group>";
		};
		CE6435AD2BFF3FB30014A536 /* Payments */ = {
			isa = PBXGroup;
			children = (
				CE6435B02BFF400E0014A536 /* HospitalPaymentsView.swift */,
			);
			path = Payments;
			sourceTree = "<group>";
		};
/* End PBXGroup section */

/* Begin PBXNativeTarget section */
		CE6435702BFF18980014A536 /* Starlight */ = {
			isa = PBXNativeTarget;
			buildConfigurationList = CE64357F2BFF189A0014A536 /* Build configuration list for PBXNativeTarget "Starlight" */;
			buildPhases = (
				CE64356D2BFF18980014A536 /* Sources */,
				CE64356E2BFF18980014A536 /* Frameworks */,
				CE64356F2BFF18980014A536 /* Resources */,
			);
			buildRules = (
			);
			dependencies = (
			);
			name = Starlight;
			productName = Starlight;
			productReference = CE6435712BFF18980014A536 /* Starlight.app */;
			productType = "com.apple.product-type.application";
		};
/* End PBXNativeTarget section */

/* Begin PBXProject section */
		CE6435692BFF18980014A536 /* Project object */ = {
			isa = PBXProject;
			attributes = {
				BuildIndependentTargetsInParallel = 1;
				LastSwiftUpdateCheck = 1540;
				LastUpgradeCheck = 1540;
				TargetAttributes = {
					CE6435702BFF18980014A536 = {
						CreatedOnToolsVersion = 15.4;
					};
				};
			};
			buildConfigurationList = CE64356C2BFF18980014A536 /* Build configuration list for PBXProject "Starlight" */;
			compatibilityVersion = "Xcode 14.0";
			developmentRegion = en;
			hasScannedForEncodings = 0;
			knownRegions = (
				en,
				Base,
			);
			mainGroup = CE6435682BFF18980014A536;
			productRefGroup = CE6435722BFF18980014A536 /* Products */;
			projectDirPath = "";
			projectRoot = "";
			targets = (
				CE6435702BFF18980014A536 /* Starlight */,
			);
		};
/* End PBXProject section */

/* Begin PBXResourcesBuildPhase section */
		CE64356F2BFF18980014A536 /* Resources */ = {
			isa = PBXResourcesBuildPhase;
			buildActionMask = 2147483647;
			files = (
				CE64357C2BFF189A0014A536 /* Preview Assets.xcassets in Resources */,
				CE6435792BFF189A0014A536 /* Assets.xcassets in Resources */,
			);
			runOnlyForDeploymentPostprocessing = 0;
		};
/* End PBXResourcesBuildPhase section */

/* Begin PBXSourcesBuildPhase section */
		CE64356D2BFF18980014A536 /* Sources */ = {
			isa = PBXSourcesBuildPhase;
			buildActionMask = 2147483647;
			files = (
				CE6435772BFF18980014A536 /* ContentView.swift in Sources */,
				CE1AA8B72C0854CE00E137F9 /* HospitalDoctorsListView.swift in Sources */,
				CE6435A02BFF3C640014A536 /* DoctorPatientsView.swift in Sources */,
				CE630BA52C0A103500B05403 /* TestInCategoryView.swift in Sources */,
				CE1AA8BE2C089EF800E137F9 /* DoctorsAppointmentView.swift in Sources */,
				CE6435862BFF1B0D0014A536 /* MainPatientView.swift in Sources */,
				CE1AA8B52C08391F00E137F9 /* AddDoctorView.swift in Sources */,
				CE6435B12BFF400E0014A536 /* HospitalPaymentsView.swift in Sources */,
				CE6435B32BFF402D0014A536 /* HospitalPatientsView.swift in Sources */,
				CE1AA8B92C0876B900E137F9 /* PatientDoctorProfileView.swift in Sources */,
				CE64358C2BFF389A0014A536 /* PatientHomeView.swift in Sources */,
				CE64359E2BFF3C480014A536 /* DoctorProfileView.swift in Sources */,
				CE630B9F2C09D49900B05403 /* DoctorAppointmentCompleteView.swift in Sources */,
				CE6435882BFF1B1A0014A536 /* MainDoctorView.swift in Sources */,
				CE6435A92BFF3EC60014A536 /* HospitalDoctorsView.swift in Sources */,
				CE6435A22BFF3C780014A536 /* DoctorsHomeView.swift in Sources */,
				CE6435942BFF390C0014A536 /* PatientProfileView.swift in Sources */,
				CE1AA8BB2C0897DD00E137F9 /* PatientBookAppointmentView.swift in Sources */,
				CE6435AB2BFF3ED70014A536 /* HospitalHomeView.swift in Sources */,
				CE6435902BFF38E40014A536 /* TestsView.swift in Sources */,
				CE630B922C09947600B05403 /* PatientAppointmentView.swift in Sources */,
				CE1AA8C02C08A0FA00E137F9 /* DoctorEditWorkingInfoView.swift in Sources */,
				CE630BA12C09E6FD00B05403 /* DoctorPatientInfoView.swift in Sources */,
				CE630B9D2C099F4D00B05403 /* Appointment.swift in Sources */,
				CE630B902C09813A00B05403 /* PatientAppointmentBookingConfirmationView.swift in Sources */,
				CE630B992C099D6400B05403 /* PatientCardView.swift in Sources */,
				CE630BA32C09F6BB00B05403 /* MedicalTest.swift in Sources */,
				CE64358E2BFF38CE0014A536 /* PatientsDoctorsView.swift in Sources */,
				CE630B9B2C099D8200B05403 /* Patient.swift in Sources */,
				CE6435752BFF18980014A536 /* StarlightApp.swift in Sources */,
				CE64358A2BFF1B1F0014A536 /* MainHospitalView.swift in Sources */,
			);
			runOnlyForDeploymentPostprocessing = 0;
		};
/* End PBXSourcesBuildPhase section */

/* Begin XCBuildConfiguration section */
		CE64357D2BFF189A0014A536 /* Debug */ = {
			isa = XCBuildConfiguration;
			buildSettings = {
				ALWAYS_SEARCH_USER_PATHS = NO;
				ASSETCATALOG_COMPILER_GENERATE_SWIFT_ASSET_SYMBOL_EXTENSIONS = YES;
				CLANG_ANALYZER_NONNULL = YES;
				CLANG_ANALYZER_NUMBER_OBJECT_CONVERSION = YES_AGGRESSIVE;
				CLANG_CXX_LANGUAGE_STANDARD = "gnu++20";
				CLANG_ENABLE_MODULES = YES;
				CLANG_ENABLE_OBJC_ARC = YES;
				CLANG_ENABLE_OBJC_WEAK = YES;
				CLANG_WARN_BLOCK_CAPTURE_AUTORELEASING = YES;
				CLANG_WARN_BOOL_CONVERSION = YES;
				CLANG_WARN_COMMA = YES;
				CLANG_WARN_CONSTANT_CONVERSION = YES;
				CLANG_WARN_DEPRECATED_OBJC_IMPLEMENTATIONS = YES;
				CLANG_WARN_DIRECT_OBJC_ISA_USAGE = YES_ERROR;
				CLANG_WARN_DOCUMENTATION_COMMENTS = YES;
				CLANG_WARN_EMPTY_BODY = YES;
				CLANG_WARN_ENUM_CONVERSION = YES;
				CLANG_WARN_INFINITE_RECURSION = YES;
				CLANG_WARN_INT_CONVERSION = YES;
				CLANG_WARN_NON_LITERAL_NULL_CONVERSION = YES;
				CLANG_WARN_OBJC_IMPLICIT_RETAIN_SELF = YES;
				CLANG_WARN_OBJC_LITERAL_CONVERSION = YES;
				CLANG_WARN_OBJC_ROOT_CLASS = YES_ERROR;
				CLANG_WARN_QUOTED_INCLUDE_IN_FRAMEWORK_HEADER = YES;
				CLANG_WARN_RANGE_LOOP_ANALYSIS = YES;
				CLANG_WARN_STRICT_PROTOTYPES = YES;
				CLANG_WARN_SUSPICIOUS_MOVE = YES;
				CLANG_WARN_UNGUARDED_AVAILABILITY = YES_AGGRESSIVE;
				CLANG_WARN_UNREACHABLE_CODE = YES;
				CLANG_WARN__DUPLICATE_METHOD_MATCH = YES;
				COPY_PHASE_STRIP = NO;
				DEBUG_INFORMATION_FORMAT = dwarf;
				ENABLE_STRICT_OBJC_MSGSEND = YES;
				ENABLE_TESTABILITY = YES;
				ENABLE_USER_SCRIPT_SANDBOXING = YES;
				GCC_C_LANGUAGE_STANDARD = gnu17;
				GCC_DYNAMIC_NO_PIC = NO;
				GCC_NO_COMMON_BLOCKS = YES;
				GCC_OPTIMIZATION_LEVEL = 0;
				GCC_PREPROCESSOR_DEFINITIONS = (
					"DEBUG=1",
					"$(inherited)",
				);
				GCC_WARN_64_TO_32_BIT_CONVERSION = YES;
				GCC_WARN_ABOUT_RETURN_TYPE = YES_ERROR;
				GCC_WARN_UNDECLARED_SELECTOR = YES;
				GCC_WARN_UNINITIALIZED_AUTOS = YES_AGGRESSIVE;
				GCC_WARN_UNUSED_FUNCTION = YES;
				GCC_WARN_UNUSED_VARIABLE = YES;
				IPHONEOS_DEPLOYMENT_TARGET = 17.5;
				LOCALIZATION_PREFERS_STRING_CATALOGS = YES;
				MTL_ENABLE_DEBUG_INFO = INCLUDE_SOURCE;
				MTL_FAST_MATH = YES;
				ONLY_ACTIVE_ARCH = YES;
				SDKROOT = iphoneos;
				SWIFT_ACTIVE_COMPILATION_CONDITIONS = "DEBUG $(inherited)";
				SWIFT_OPTIMIZATION_LEVEL = "-Onone";
			};
			name = Debug;
		};
		CE64357E2BFF189A0014A536 /* Release */ = {
			isa = XCBuildConfiguration;
			buildSettings = {
				ALWAYS_SEARCH_USER_PATHS = NO;
				ASSETCATALOG_COMPILER_GENERATE_SWIFT_ASSET_SYMBOL_EXTENSIONS = YES;
				CLANG_ANALYZER_NONNULL = YES;
				CLANG_ANALYZER_NUMBER_OBJECT_CONVERSION = YES_AGGRESSIVE;
				CLANG_CXX_LANGUAGE_STANDARD = "gnu++20";
				CLANG_ENABLE_MODULES = YES;
				CLANG_ENABLE_OBJC_ARC = YES;
				CLANG_ENABLE_OBJC_WEAK = YES;
				CLANG_WARN_BLOCK_CAPTURE_AUTORELEASING = YES;
				CLANG_WARN_BOOL_CONVERSION = YES;
				CLANG_WARN_COMMA = YES;
				CLANG_WARN_CONSTANT_CONVERSION = YES;
				CLANG_WARN_DEPRECATED_OBJC_IMPLEMENTATIONS = YES;
				CLANG_WARN_DIRECT_OBJC_ISA_USAGE = YES_ERROR;
				CLANG_WARN_DOCUMENTATION_COMMENTS = YES;
				CLANG_WARN_EMPTY_BODY = YES;
				CLANG_WARN_ENUM_CONVERSION = YES;
				CLANG_WARN_INFINITE_RECURSION = YES;
				CLANG_WARN_INT_CONVERSION = YES;
				CLANG_WARN_NON_LITERAL_NULL_CONVERSION = YES;
				CLANG_WARN_OBJC_IMPLICIT_RETAIN_SELF = YES;
				CLANG_WARN_OBJC_LITERAL_CONVERSION = YES;
				CLANG_WARN_OBJC_ROOT_CLASS = YES_ERROR;
				CLANG_WARN_QUOTED_INCLUDE_IN_FRAMEWORK_HEADER = YES;
				CLANG_WARN_RANGE_LOOP_ANALYSIS = YES;
				CLANG_WARN_STRICT_PROTOTYPES = YES;
				CLANG_WARN_SUSPICIOUS_MOVE = YES;
				CLANG_WARN_UNGUARDED_AVAILABILITY = YES_AGGRESSIVE;
				CLANG_WARN_UNREACHABLE_CODE = YES;
				CLANG_WARN__DUPLICATE_METHOD_MATCH = YES;
				COPY_PHASE_STRIP = NO;
				DEBUG_INFORMATION_FORMAT = "dwarf-with-dsym";
				ENABLE_NS_ASSERTIONS = NO;
				ENABLE_STRICT_OBJC_MSGSEND = YES;
				ENABLE_USER_SCRIPT_SANDBOXING = YES;
				GCC_C_LANGUAGE_STANDARD = gnu17;
				GCC_NO_COMMON_BLOCKS = YES;
				GCC_WARN_64_TO_32_BIT_CONVERSION = YES;
				GCC_WARN_ABOUT_RETURN_TYPE = YES_ERROR;
				GCC_WARN_UNDECLARED_SELECTOR = YES;
				GCC_WARN_UNINITIALIZED_AUTOS = YES_AGGRESSIVE;
				GCC_WARN_UNUSED_FUNCTION = YES;
				GCC_WARN_UNUSED_VARIABLE = YES;
				IPHONEOS_DEPLOYMENT_TARGET = 17.5;
				LOCALIZATION_PREFERS_STRING_CATALOGS = YES;
				MTL_ENABLE_DEBUG_INFO = NO;
				MTL_FAST_MATH = YES;
				SDKROOT = iphoneos;
				SWIFT_COMPILATION_MODE = wholemodule;
				VALIDATE_PRODUCT = YES;
			};
			name = Release;
		};
		CE6435802BFF189A0014A536 /* Debug */ = {
			isa = XCBuildConfiguration;
			buildSettings = {
				ASSETCATALOG_COMPILER_APPICON_NAME = AppIcon;
				ASSETCATALOG_COMPILER_GLOBAL_ACCENT_COLOR_NAME = AccentColor;
				CODE_SIGN_ENTITLEMENTS = Starlight/Starlight.entitlements;
				CODE_SIGN_STYLE = Automatic;
				CURRENT_PROJECT_VERSION = 1;
				DEVELOPMENT_ASSET_PATHS = "\"Starlight/Preview Content\"";
				DEVELOPMENT_TEAM = 669C25TBH6;
				ENABLE_PREVIEWS = YES;
				GENERATE_INFOPLIST_FILE = YES;
				INFOPLIST_FILE = Starlight/Info.plist;
				INFOPLIST_KEY_NSHealthShareUsageDescription = "This app wants to access your health darta";
				INFOPLIST_KEY_UIApplicationSceneManifest_Generation = YES;
				INFOPLIST_KEY_UIApplicationSupportsIndirectInputEvents = YES;
				INFOPLIST_KEY_UILaunchScreen_Generation = YES;
				INFOPLIST_KEY_UISupportedInterfaceOrientations_iPad = "UIInterfaceOrientationPortrait UIInterfaceOrientationPortraitUpsideDown UIInterfaceOrientationLandscapeLeft UIInterfaceOrientationLandscapeRight";
				INFOPLIST_KEY_UISupportedInterfaceOrientations_iPhone = "UIInterfaceOrientationPortrait UIInterfaceOrientationLandscapeLeft UIInterfaceOrientationLandscapeRight";
				LD_RUNPATH_SEARCH_PATHS = (
					"$(inherited)",
					"@executable_path/Frameworks",
				);
				MARKETING_VERSION = 1.0;
				PRODUCT_BUNDLE_IDENTIFIER = com.tanishksahni.Starlight;
				PRODUCT_NAME = "$(TARGET_NAME)";
				SWIFT_EMIT_LOC_STRINGS = YES;
				SWIFT_VERSION = 5.0;
				TARGETED_DEVICE_FAMILY = "1,2";
			};
			name = Debug;
		};
		CE6435812BFF189A0014A536 /* Release */ = {
			isa = XCBuildConfiguration;
			buildSettings = {
				ASSETCATALOG_COMPILER_APPICON_NAME = AppIcon;
				ASSETCATALOG_COMPILER_GLOBAL_ACCENT_COLOR_NAME = AccentColor;
				CODE_SIGN_ENTITLEMENTS = Starlight/Starlight.entitlements;
				CODE_SIGN_STYLE = Automatic;
				CURRENT_PROJECT_VERSION = 1;
				DEVELOPMENT_ASSET_PATHS = "\"Starlight/Preview Content\"";
				DEVELOPMENT_TEAM = 669C25TBH6;
				ENABLE_PREVIEWS = YES;
				GENERATE_INFOPLIST_FILE = YES;
				INFOPLIST_FILE = Starlight/Info.plist;
				INFOPLIST_KEY_NSHealthShareUsageDescription = "This app wants to access your health darta";
				INFOPLIST_KEY_UIApplicationSceneManifest_Generation = YES;
				INFOPLIST_KEY_UIApplicationSupportsIndirectInputEvents = YES;
				INFOPLIST_KEY_UILaunchScreen_Generation = YES;
				INFOPLIST_KEY_UISupportedInterfaceOrientations_iPad = "UIInterfaceOrientationPortrait UIInterfaceOrientationPortraitUpsideDown UIInterfaceOrientationLandscapeLeft UIInterfaceOrientationLandscapeRight";
				INFOPLIST_KEY_UISupportedInterfaceOrientations_iPhone = "UIInterfaceOrientationPortrait UIInterfaceOrientationLandscapeLeft UIInterfaceOrientationLandscapeRight";
				LD_RUNPATH_SEARCH_PATHS = (
					"$(inherited)",
					"@executable_path/Frameworks",
				);
				MARKETING_VERSION = 1.0;
				PRODUCT_BUNDLE_IDENTIFIER = com.tanishksahni.Starlight;
				PRODUCT_NAME = "$(TARGET_NAME)";
				SWIFT_EMIT_LOC_STRINGS = YES;
				SWIFT_VERSION = 5.0;
				TARGETED_DEVICE_FAMILY = "1,2";
			};
			name = Release;
		};
/* End XCBuildConfiguration section */

/* Begin XCConfigurationList section */
		CE64356C2BFF18980014A536 /* Build configuration list for PBXProject "Starlight" */ = {
			isa = XCConfigurationList;
			buildConfigurations = (
				CE64357D2BFF189A0014A536 /* Debug */,
				CE64357E2BFF189A0014A536 /* Release */,
			);
			defaultConfigurationIsVisible = 0;
			defaultConfigurationName = Release;
		};
		CE64357F2BFF189A0014A536 /* Build configuration list for PBXNativeTarget "Starlight" */ = {
			isa = XCConfigurationList;
			buildConfigurations = (
				CE6435802BFF189A0014A536 /* Debug */,
				CE6435812BFF189A0014A536 /* Release */,
			);
			defaultConfigurationIsVisible = 0;
			defaultConfigurationName = Release;
		};
/* End XCConfigurationList section */
	};
	rootObject = CE6435692BFF18980014A536 /* Project object */;
}
